
Microsoft Visual Studio Solution File, Format Version 12.00
# Visual Studio 15
VisualStudioVersion = 15.0.27703.2047
MinimumVisualStudioVersion = 10.0.40219.1
Project("{8BC9CEB8-8B4A-11D0-8D11-00A0C91BC942}") = "MathForGames", "MathForGames\MathForGames.vcxproj", "{73DFA658-53C3-4522-BE6C-E4C54749ED63}"
EndProject
Project("{8BC9CEB8-8B4A-11D0-8D11-00A0C91BC942}") = "UnitTest", "UnitTest\UnitTest.vcxproj", "{B7D9ED10-55B0-41FA-B4BC-77442922E395}"
	ProjectSection(ProjectDependencies) = postProject
		{73DFA658-53C3-4522-BE6C-E4C54749ED63} = {73DFA658-53C3-4522-BE6C-E4C54749ED63}
	EndProjectSection
EndProject
Global
	GlobalSection(SolutionConfigurationPlatforms) = preSolution
		Debug|x64 = Debug|x64
		Debug|x86 = Debug|x86
		Release|x64 = Release|x64
		Release|x86 = Release|x86
	EndGlobalSection
	GlobalSection(ProjectConfigurationPlatforms) = postSolution
		{73DFA658-53C3-4522-BE6C-E4C54749ED63}.Debug|x64.ActiveCfg = Debug|x64
		{73DFA658-53C3-4522-BE6C-E4C54749ED63}.Debug|x64.Build.0 = Debug|x64
		{73DFA658-53C3-4522-BE6C-E4C54749ED63}.Debug|x86.ActiveCfg = Debug|Win32
		{73DFA658-53C3-4522-BE6C-E4C54749ED63}.Debug|x86.Build.0 = Debug|Win32
		{73DFA658-53C3-4522-BE6C-E4C54749ED63}.Release|x64.ActiveCfg = Release|x64
		{73DFA658-53C3-4522-BE6C-E4C54749ED63}.Release|x64.Build.0 = Release|x64
		{73DFA658-53C3-4522-BE6C-E4C54749ED63}.Release|x86.ActiveCfg = Release|Win32
		{73DFA658-53C3-4522-BE6C-E4C54749ED63}.Release|x86.Build.0 = Release|Win32
		{B7D9ED10-55B0-41FA-B4BC-77442922E395}.Debug|x64.ActiveCfg = Debug|x64
		{B7D9ED10-55B0-41FA-B4BC-77442922E395}.Debug|x64.Build.0 = Debug|x64
		{B7D9ED10-55B0-41FA-B4BC-77442922E395}.Debug|x86.ActiveCfg = Debug|Win32
		{B7D9ED10-55B0-41FA-B4BC-77442922E395}.Debug|x86.Build.0 = Debug|Win32
		{B7D9ED10-55B0-41FA-B4BC-77442922E395}.Release|x64.ActiveCfg = Release|x64
		{B7D9ED10-55B0-41FA-B4BC-77442922E395}.Release|x64.Build.0 = Release|x64
		{B7D9ED10-55B0-41FA-B4BC-77442922E395}.Release|x86.ActiveCfg = Release|Win32
		{B7D9ED10-55B0-41FA-B4BC-77442922E395}.Release|x86.Build.0 = Release|Win32
	EndGlobalSection
	GlobalSection(SolutionProperties) = preSolution
		HideSolutionNode = FALSE
	EndGlobalSection
	GlobalSection(ExtensibilityGlobals) = postSolution
		SolutionGuid = {B331BA66-4D47-46E9-806A-76E16F84416C}
	EndGlobalSection
EndGlobal
